// !$*UTF8*$!
{
	archiveVersion = 1;
	classes = {
	};
	objectVersion = 46;
	objects = {

/* Begin PBXBuildFile section */
		57FAD03DB30326EB8D5D1431 /* SteeringWheelView.swift in Sources */ = {isa = PBXBuildFile; fileRef = 57FAD50EAC385C410143CF09 /* SteeringWheelView.swift */; };
		57FAD0B7C9333010288267AD /* GridView.swift in Sources */ = {isa = PBXBuildFile; fileRef = 57FAD50A8FA8744E684FA3F0 /* GridView.swift */; };
		57FAD1E3805F3126AC565898 /* CubeModel.swift in Sources */ = {isa = PBXBuildFile; fileRef = 57FAD7F64ECD73564DF5C294 /* CubeModel.swift */; };
		57FAD3A4EAEC8CF698AC545C /* Preview Assets.xcassets in Resources */ = {isa = PBXBuildFile; fileRef = 57FAD3D565387538649D4A77 /* Preview Assets.xcassets */; };
		57FAD418BD295029137FC146 /* PreGridView.swift in Sources */ = {isa = PBXBuildFile; fileRef = 57FADE1BBAB899DC99E797A6 /* PreGridView.swift */; };
		57FAD5363A83C91A18A1C21A /* PreGridModel.swift in Sources */ = {isa = PBXBuildFile; fileRef = 57FAD207499AFA862E1964ED /* PreGridModel.swift */; };
		57FAD596B8CD2069F01C0D47 /* TetrisUITests.swift in Sources */ = {isa = PBXBuildFile; fileRef = 57FADF96C8B5B3C1E15C8CFA /* TetrisUITests.swift */; };
		57FAD725485CA45838FE2382 /* GridViewModel.swift in Sources */ = {isa = PBXBuildFile; fileRef = 57FAD0D262817F2C5136D04F /* GridViewModel.swift */; };
		57FAD79EA16890DD05CD22BA /* SceneDelegate.swift in Sources */ = {isa = PBXBuildFile; fileRef = 57FADF44EEDAC2A73994422A /* SceneDelegate.swift */; };
		57FAD8B61AE6E0339DC7B87C /* LaunchScreen.storyboard in Resources */ = {isa = PBXBuildFile; fileRef = 57FAD1D8981E2B19AF97D894 /* LaunchScreen.storyboard */; };
		57FAD8D28720C62D649E374D /* AppDelegate.swift in Sources */ = {isa = PBXBuildFile; fileRef = 57FADE1D46375EA7FD41BFCE /* AppDelegate.swift */; };
		57FAD9A96EAF73DB0060BEBF /* GridModel.swift in Sources */ = {isa = PBXBuildFile; fileRef = 57FAD0544D1CFC6C85635F81 /* GridModel.swift */; };
		57FAD9B51BDE1AD098DFEB18 /* Assets.xcassets in Resources */ = {isa = PBXBuildFile; fileRef = 57FADAA22461ADBAAD07F78A /* Assets.xcassets */; };
		57FADAA8955D2445EAE65996 /* PreLineModel.swift in Sources */ = {isa = PBXBuildFile; fileRef = 57FAD45974E69A27581DB579 /* PreLineModel.swift */; };
		57FADAF2D15AF4B444FFFF8F /* PreGridViewModel.swift in Sources */ = {isa = PBXBuildFile; fileRef = 57FAD970676BDCC67DB27FCE /* PreGridViewModel.swift */; };
		57FADAFE6D06F62476C490B4 /* TetrisTests.swift in Sources */ = {isa = PBXBuildFile; fileRef = 57FAD389CA96E9F2F217D4EC /* TetrisTests.swift */; };
		57FADBE67FA789C0288A7677 /* Tetris.xcdatamodeld in Sources */ = {isa = PBXBuildFile; fileRef = 57FAD21060490020E40FA819 /* Tetris.xcdatamodeld */; };
		57FADBF99527971F34210453 /* CubeView.swift in Sources */ = {isa = PBXBuildFile; fileRef = 57FAD99D920D42536B658EDE /* CubeView.swift */; };
		57FADD60588791C677EF44DF /* LineModel.swift in Sources */ = {isa = PBXBuildFile; fileRef = 57FAD22A5B1B81FB062C0DC8 /* LineModel.swift */; };
		57FADE339E2384B3AB6B97CC /* GraphModel.swift in Sources */ = {isa = PBXBuildFile; fileRef = 57FAD5A9E971E2023E5C9BB4 /* GraphModel.swift */; };
		57FADE36CF74A9B184A46B3A /* MainView.swift in Sources */ = {isa = PBXBuildFile; fileRef = 57FADC4F6183F6C9E6CE0A68 /* MainView.swift */; };
/* End PBXBuildFile section */

/* Begin PBXContainerItemProxy section */
		57FAD41DD4D16EB39B03CA7E /* PBXContainerItemProxy */ = {
			isa = PBXContainerItemProxy;
			containerPortal = 57FAD9582B3BC2F2EB5211BE /* Project object */;
			proxyType = 1;
			remoteGlobalIDString = 57FADD1F7EE4B55127905CA0;
			remoteInfo = Tetris;
		};
		57FADB214BD4E686002D924F /* PBXContainerItemProxy */ = {
			isa = PBXContainerItemProxy;
			containerPortal = 57FAD9582B3BC2F2EB5211BE /* Project object */;
			proxyType = 1;
			remoteGlobalIDString = 57FADD1F7EE4B55127905CA0;
			remoteInfo = Tetris;
		};
/* End PBXContainerItemProxy section */

/* Begin PBXFileReference section */
		57FAD0544D1CFC6C85635F81 /* GridModel.swift */ = {isa = PBXFileReference; fileEncoding = 4; lastKnownFileType = sourcecode.swift; path = GridModel.swift; sourceTree = "<group>"; };
		57FAD0D262817F2C5136D04F /* GridViewModel.swift */ = {isa = PBXFileReference; fileEncoding = 4; lastKnownFileType = sourcecode.swift; path = GridViewModel.swift; sourceTree = "<group>"; };
		57FAD207499AFA862E1964ED /* PreGridModel.swift */ = {isa = PBXFileReference; fileEncoding = 4; lastKnownFileType = sourcecode.swift; path = PreGridModel.swift; sourceTree = "<group>"; };
		57FAD20A968883340DD52408 /* Tetris.xcdatamodel */ = {isa = PBXFileReference; lastKnownFileType = wrapper.xcdatamodel; path = Tetris.xcdatamodel; sourceTree = "<group>"; };
		57FAD22A5B1B81FB062C0DC8 /* LineModel.swift */ = {isa = PBXFileReference; fileEncoding = 4; lastKnownFileType = sourcecode.swift; path = LineModel.swift; sourceTree = "<group>"; };
		57FAD34456639623D4048233 /* Base */ = {isa = PBXFileReference; lastKnownFileType = file.storyboard; name = Base; path = Base.lproj/LaunchScreen.storyboard; sourceTree = "<group>"; };
		57FAD389CA96E9F2F217D4EC /* TetrisTests.swift */ = {isa = PBXFileReference; lastKnownFileType = sourcecode.swift; path = TetrisTests.swift; sourceTree = "<group>"; };
		57FAD393CE3C2AA730671736 /* Info.plist */ = {isa = PBXFileReference; lastKnownFileType = text.plist.info; path = Info.plist; sourceTree = "<group>"; };
		57FAD3D565387538649D4A77 /* Preview Assets.xcassets */ = {isa = PBXFileReference; lastKnownFileType = folder.assetcatalog; path = "Preview Assets.xcassets"; sourceTree = "<group>"; };
		57FAD45974E69A27581DB579 /* PreLineModel.swift */ = {isa = PBXFileReference; fileEncoding = 4; lastKnownFileType = sourcecode.swift; path = PreLineModel.swift; sourceTree = "<group>"; };
		57FAD50A8FA8744E684FA3F0 /* GridView.swift */ = {isa = PBXFileReference; fileEncoding = 4; lastKnownFileType = sourcecode.swift; path = GridView.swift; sourceTree = "<group>"; };
		57FAD50EAC385C410143CF09 /* SteeringWheelView.swift */ = {isa = PBXFileReference; fileEncoding = 4; lastKnownFileType = sourcecode.swift; path = SteeringWheelView.swift; sourceTree = "<group>"; };
		57FAD5A9E971E2023E5C9BB4 /* GraphModel.swift */ = {isa = PBXFileReference; fileEncoding = 4; lastKnownFileType = sourcecode.swift; path = GraphModel.swift; sourceTree = "<group>"; };
		57FAD6366CE270CC55BC3B85 /* Info.plist */ = {isa = PBXFileReference; lastKnownFileType = text.plist.info; path = Info.plist; sourceTree = "<group>"; };
		57FAD649C83D3C06637C3D77 /* TetrisUITests.xctest */ = {isa = PBXFileReference; explicitFileType = wrapper.cfbundle; includeInIndex = 0; path = TetrisUITests.xctest; sourceTree = BUILT_PRODUCTS_DIR; };
		57FAD7F64ECD73564DF5C294 /* CubeModel.swift */ = {isa = PBXFileReference; fileEncoding = 4; lastKnownFileType = sourcecode.swift; path = CubeModel.swift; sourceTree = "<group>"; };
		57FAD89CF5B321A42656ED3C /* Info.plist */ = {isa = PBXFileReference; lastKnownFileType = text.plist.info; path = Info.plist; sourceTree = "<group>"; };
		57FAD970676BDCC67DB27FCE /* PreGridViewModel.swift */ = {isa = PBXFileReference; fileEncoding = 4; lastKnownFileType = sourcecode.swift; path = PreGridViewModel.swift; sourceTree = "<group>"; };
		57FAD99D920D42536B658EDE /* CubeView.swift */ = {isa = PBXFileReference; fileEncoding = 4; lastKnownFileType = sourcecode.swift; path = CubeView.swift; sourceTree = "<group>"; };
		57FADAA22461ADBAAD07F78A /* Assets.xcassets */ = {isa = PBXFileReference; lastKnownFileType = folder.assetcatalog; path = Assets.xcassets; sourceTree = "<group>"; };
		57FADB0C7A07DAB693C11089 /* Tetris.app */ = {isa = PBXFileReference; explicitFileType = wrapper.application; includeInIndex = 0; path = Tetris.app; sourceTree = BUILT_PRODUCTS_DIR; };
		57FADC4F6183F6C9E6CE0A68 /* MainView.swift */ = {isa = PBXFileReference; fileEncoding = 4; lastKnownFileType = sourcecode.swift; path = MainView.swift; sourceTree = "<group>"; };
		57FADE1BBAB899DC99E797A6 /* PreGridView.swift */ = {isa = PBXFileReference; fileEncoding = 4; lastKnownFileType = sourcecode.swift; path = PreGridView.swift; sourceTree = "<group>"; };
		57FADE1D46375EA7FD41BFCE /* AppDelegate.swift */ = {isa = PBXFileReference; lastKnownFileType = sourcecode.swift; path = AppDelegate.swift; sourceTree = "<group>"; };
		57FADF44EEDAC2A73994422A /* SceneDelegate.swift */ = {isa = PBXFileReference; lastKnownFileType = sourcecode.swift; path = SceneDelegate.swift; sourceTree = "<group>"; };
		57FADF96C8B5B3C1E15C8CFA /* TetrisUITests.swift */ = {isa = PBXFileReference; lastKnownFileType = sourcecode.swift; path = TetrisUITests.swift; sourceTree = "<group>"; };
		57FADFEC67749423CADD1E64 /* TetrisTests.xctest */ = {isa = PBXFileReference; explicitFileType = wrapper.cfbundle; includeInIndex = 0; path = TetrisTests.xctest; sourceTree = BUILT_PRODUCTS_DIR; };
/* End PBXFileReference section */

/* Begin PBXFrameworksBuildPhase section */
		57FAD339D2616A6581044E6F /* Frameworks */ = {
			isa = PBXFrameworksBuildPhase;
			buildActionMask = 2147483647;
			files = (
			);
			runOnlyForDeploymentPostprocessing = 0;
		};
		57FADB08A536391C82937FCC /* Frameworks */ = {
			isa = PBXFrameworksBuildPhase;
			buildActionMask = 2147483647;
			files = (
			);
			runOnlyForDeploymentPostprocessing = 0;
		};
		57FADE68A0B5724607EFBAB0 /* Frameworks */ = {
			isa = PBXFrameworksBuildPhase;
			buildActionMask = 2147483647;
			files = (
			);
			runOnlyForDeploymentPostprocessing = 0;
		};
/* End PBXFrameworksBuildPhase section */

/* Begin PBXGroup section */
		57FAD060E1BDF9AC6E01F44A /* Views */ = {
			isa = PBXGroup;
			children = (
				57FADC4F6183F6C9E6CE0A68 /* MainView.swift */,
				57FAD99D920D42536B658EDE /* CubeView.swift */,
				57FAD50A8FA8744E684FA3F0 /* GridView.swift */,
				57FAD50EAC385C410143CF09 /* SteeringWheelView.swift */,
				57FADE1BBAB899DC99E797A6 /* PreGridView.swift */,
			);
			path = Views;
			sourceTree = "<group>";
		};
		57FAD0D2A8C38A5E1DEF748F /* Models */ = {
			isa = PBXGroup;
			children = (
				57FAD0544D1CFC6C85635F81 /* GridModel.swift */,
				57FAD7F64ECD73564DF5C294 /* CubeModel.swift */,
				57FAD22A5B1B81FB062C0DC8 /* LineModel.swift */,
				57FAD207499AFA862E1964ED /* PreGridModel.swift */,
				57FAD45974E69A27581DB579 /* PreLineModel.swift */,
				57FAD5A9E971E2023E5C9BB4 /* GraphModel.swift */,
			);
			path = Models;
			sourceTree = "<group>";
		};
		57FAD1C4F8B9A3A9A785E782 /* TetrisTests */ = {
			isa = PBXGroup;
			children = (
				57FAD89CF5B321A42656ED3C /* Info.plist */,
				57FAD389CA96E9F2F217D4EC /* TetrisTests.swift */,
			);
			path = TetrisTests;
			sourceTree = "<group>";
		};
		57FAD34B2B7C93668CA7A40E /* Preview Content */ = {
			isa = PBXGroup;
			children = (
				57FAD3D565387538649D4A77 /* Preview Assets.xcassets */,
			);
			path = "Preview Content";
			sourceTree = "<group>";
		};
		57FAD3D167CB1A36926ACD30 /* TetrisUITests */ = {
			isa = PBXGroup;
			children = (
				57FAD6366CE270CC55BC3B85 /* Info.plist */,
				57FADF96C8B5B3C1E15C8CFA /* TetrisUITests.swift */,
			);
			path = TetrisUITests;
			sourceTree = "<group>";
		};
		57FAD86CFA18447BD6F44BD1 /* Tetris */ = {
			isa = PBXGroup;
			children = (
				57FAD393CE3C2AA730671736 /* Info.plist */,
				57FADAA22461ADBAAD07F78A /* Assets.xcassets */,
				57FAD1D8981E2B19AF97D894 /* LaunchScreen.storyboard */,
				57FADE1D46375EA7FD41BFCE /* AppDelegate.swift */,
				57FAD21060490020E40FA819 /* Tetris.xcdatamodeld */,
				57FADF44EEDAC2A73994422A /* SceneDelegate.swift */,
				57FAD34B2B7C93668CA7A40E /* Preview Content */,
				57FAD060E1BDF9AC6E01F44A /* Views */,
				57FAD0D2A8C38A5E1DEF748F /* Models */,
				57FADB400E50F0E82E8FDFF2 /* ViewModels */,
			);
			path = Tetris;
			sourceTree = "<group>";
		};
		57FAD8C52F2D7118EC439729 /* Products */ = {
			isa = PBXGroup;
			children = (
				57FADB0C7A07DAB693C11089 /* Tetris.app */,
				57FADFEC67749423CADD1E64 /* TetrisTests.xctest */,
				57FAD649C83D3C06637C3D77 /* TetrisUITests.xctest */,
			);
			name = Products;
			sourceTree = "<group>";
		};
		57FADB400E50F0E82E8FDFF2 /* ViewModels */ = {
			isa = PBXGroup;
			children = (
				57FAD0D262817F2C5136D04F /* GridViewModel.swift */,
				57FAD970676BDCC67DB27FCE /* PreGridViewModel.swift */,
			);
			path = ViewModels;
			sourceTree = "<group>";
		};
		57FADFBFA4AD6A0E910807F4 = {
			isa = PBXGroup;
			children = (
				57FAD8C52F2D7118EC439729 /* Products */,
				57FAD86CFA18447BD6F44BD1 /* Tetris */,
				57FAD1C4F8B9A3A9A785E782 /* TetrisTests */,
				57FAD3D167CB1A36926ACD30 /* TetrisUITests */,
			);
			sourceTree = "<group>";
		};
/* End PBXGroup section */

/* Begin PBXNativeTarget section */
		57FAD385B292743B94246ABF /* TetrisUITests */ = {
			isa = PBXNativeTarget;
			buildConfigurationList = 57FAD78803A32B0592C37678 /* Build configuration list for PBXNativeTarget "TetrisUITests" */;
			buildPhases = (
				57FAD319E4A9744F5964DB5A /* Sources */,
				57FADB08A536391C82937FCC /* Frameworks */,
				57FAD1171D6795AF901E0263 /* Resources */,
			);
			buildRules = (
			);
			dependencies = (
				57FAD5BB7203E8324BB3A0B0 /* PBXTargetDependency */,
			);
			name = TetrisUITests;
			productName = TetrisUITests;
			productReference = 57FAD649C83D3C06637C3D77 /* TetrisUITests.xctest */;
			productType = "com.apple.product-type.bundle.ui-testing";
		};
		57FADB1A505F2D7C376ABF21 /* TetrisTests */ = {
			isa = PBXNativeTarget;
			buildConfigurationList = 57FAD12A993F5F5FA138D712 /* Build configuration list for PBXNativeTarget "TetrisTests" */;
			buildPhases = (
				57FAD3976055DF49900A8D4F /* Sources */,
				57FAD339D2616A6581044E6F /* Frameworks */,
				57FAD44917AF50B4CB8635B8 /* Resources */,
			);
			buildRules = (
			);
			dependencies = (
				57FAD03B1156F3102BEB24DE /* PBXTargetDependency */,
			);
			name = TetrisTests;
			productName = TetrisTests;
			productReference = 57FADFEC67749423CADD1E64 /* TetrisTests.xctest */;
			productType = "com.apple.product-type.bundle.unit-test";
		};
		57FADD1F7EE4B55127905CA0 /* Tetris */ = {
			isa = PBXNativeTarget;
			buildConfigurationList = 57FADCED42082E9E5E444C64 /* Build configuration list for PBXNativeTarget "Tetris" */;
			buildPhases = (
				57FAD9CAD9D03C759FB1367C /* Sources */,
				57FADE68A0B5724607EFBAB0 /* Frameworks */,
				57FADF377F3696747FE53750 /* Resources */,
			);
			buildRules = (
			);
			dependencies = (
			);
			name = Tetris;
			productName = Tetris;
			productReference = 57FADB0C7A07DAB693C11089 /* Tetris.app */;
			productType = "com.apple.product-type.application";
		};
/* End PBXNativeTarget section */

/* Begin PBXProject section */
		57FAD9582B3BC2F2EB5211BE /* Project object */ = {
			isa = PBXProject;
			attributes = {
				LastUpgradeCheck = 1160;
				ORGANIZATIONNAME = adeng;
			};
			buildConfigurationList = 57FADCE34AF9A2776165C43F /* Build configuration list for PBXProject "Tetris" */;
			compatibilityVersion = "Xcode 3.2";
			developmentRegion = en;
			hasScannedForEncodings = 0;
			knownRegions = (
				en,
				Base,
			);
			mainGroup = 57FADFBFA4AD6A0E910807F4;
			productRefGroup = 57FAD8C52F2D7118EC439729 /* Products */;
			projectDirPath = "";
			projectRoot = "";
			targets = (
				57FADD1F7EE4B55127905CA0 /* Tetris */,
				57FADB1A505F2D7C376ABF21 /* TetrisTests */,
				57FAD385B292743B94246ABF /* TetrisUITests */,
			);
		};
/* End PBXProject section */

/* Begin PBXResourcesBuildPhase section */
		57FAD1171D6795AF901E0263 /* Resources */ = {
			isa = PBXResourcesBuildPhase;
			buildActionMask = 2147483647;
			files = (
			);
			runOnlyForDeploymentPostprocessing = 0;
		};
		57FAD44917AF50B4CB8635B8 /* Resources */ = {
			isa = PBXResourcesBuildPhase;
			buildActionMask = 2147483647;
			files = (
			);
			runOnlyForDeploymentPostprocessing = 0;
		};
		57FADF377F3696747FE53750 /* Resources */ = {
			isa = PBXResourcesBuildPhase;
			buildActionMask = 2147483647;
			files = (
				57FAD9B51BDE1AD098DFEB18 /* Assets.xcassets in Resources */,
				57FAD8B61AE6E0339DC7B87C /* LaunchScreen.storyboard in Resources */,
				57FAD3A4EAEC8CF698AC545C /* Preview Assets.xcassets in Resources */,
			);
			runOnlyForDeploymentPostprocessing = 0;
		};
/* End PBXResourcesBuildPhase section */

/* Begin PBXSourcesBuildPhase section */
		57FAD319E4A9744F5964DB5A /* Sources */ = {
			isa = PBXSourcesBuildPhase;
			buildActionMask = 2147483647;
			files = (
				57FAD596B8CD2069F01C0D47 /* TetrisUITests.swift in Sources */,
			);
			runOnlyForDeploymentPostprocessing = 0;
		};
		57FAD3976055DF49900A8D4F /* Sources */ = {
			isa = PBXSourcesBuildPhase;
			buildActionMask = 2147483647;
			files = (
				57FADAFE6D06F62476C490B4 /* TetrisTests.swift in Sources */,
			);
			runOnlyForDeploymentPostprocessing = 0;
		};
		57FAD9CAD9D03C759FB1367C /* Sources */ = {
			isa = PBXSourcesBuildPhase;
			buildActionMask = 2147483647;
			files = (
				57FAD8D28720C62D649E374D /* AppDelegate.swift in Sources */,
				57FADBE67FA789C0288A7677 /* Tetris.xcdatamodeld in Sources */,
				57FAD79EA16890DD05CD22BA /* SceneDelegate.swift in Sources */,
				57FADE36CF74A9B184A46B3A /* MainView.swift in Sources */,
				57FADBF99527971F34210453 /* CubeView.swift in Sources */,
				57FAD0B7C9333010288267AD /* GridView.swift in Sources */,
				57FAD03DB30326EB8D5D1431 /* SteeringWheelView.swift in Sources */,
				57FAD9A96EAF73DB0060BEBF /* GridModel.swift in Sources */,
				57FAD1E3805F3126AC565898 /* CubeModel.swift in Sources */,
				57FAD725485CA45838FE2382 /* GridViewModel.swift in Sources */,
				57FADD60588791C677EF44DF /* LineModel.swift in Sources */,
				57FAD418BD295029137FC146 /* PreGridView.swift in Sources */,
				57FADAF2D15AF4B444FFFF8F /* PreGridViewModel.swift in Sources */,
				57FAD5363A83C91A18A1C21A /* PreGridModel.swift in Sources */,
				57FADAA8955D2445EAE65996 /* PreLineModel.swift in Sources */,
				57FADE339E2384B3AB6B97CC /* GraphModel.swift in Sources */,
			);
			runOnlyForDeploymentPostprocessing = 0;
		};
/* End PBXSourcesBuildPhase section */

/* Begin PBXTargetDependency section */
		57FAD03B1156F3102BEB24DE /* PBXTargetDependency */ = {
			isa = PBXTargetDependency;
			target = 57FADD1F7EE4B55127905CA0 /* Tetris */;
			targetProxy = 57FAD41DD4D16EB39B03CA7E /* PBXContainerItemProxy */;
		};
		57FAD5BB7203E8324BB3A0B0 /* PBXTargetDependency */ = {
			isa = PBXTargetDependency;
			target = 57FADD1F7EE4B55127905CA0 /* Tetris */;
			targetProxy = 57FADB214BD4E686002D924F /* PBXContainerItemProxy */;
		};
/* End PBXTargetDependency section */

/* Begin PBXVariantGroup section */
		57FAD1D8981E2B19AF97D894 /* LaunchScreen.storyboard */ = {
			isa = PBXVariantGroup;
			children = (
				57FAD34456639623D4048233 /* Base */,
			);
			name = LaunchScreen.storyboard;
			sourceTree = "<group>";
		};
/* End PBXVariantGroup section */

/* Begin XCBuildConfiguration section */
		57FAD0ADC6E5D91DA63626CE /* Release */ = {
			isa = XCBuildConfiguration;
			buildSettings = {
				INFOPLIST_FILE = TetrisUITests/Info.plist;
				LD_RUNPATH_SEARCH_PATHS = "$(inherited) @executable_path/Frameworks @loader_path/Frameworks";
				PRODUCT_BUNDLE_IDENTIFIER = com.adeng.TetrisUITests;
				PRODUCT_NAME = "$(TARGET_NAME)";
				SWIFT_VERSION = 5.0;
				TARGETED_DEVICE_FAMILY = "1,2";
				TEST_TARGET_NAME = Tetris;
			};
			name = Release;
		};
		57FAD1FC221D8B9299364125 /* Release */ = {
			isa = XCBuildConfiguration;
			buildSettings = {
				ASSETCATALOG_COMPILER_APPICON_NAME = AppIcon;
				DEVELOPMENT_ASSET_PATHS = "\"Tetris/Preview Content\"";
				ENABLE_PREVIEWS = YES;
				INFOPLIST_FILE = Tetris/Info.plist;
				LD_RUNPATH_SEARCH_PATHS = "$(inherited) @executable_path/Frameworks";
				PRODUCT_BUNDLE_IDENTIFIER = com.adeng.Tetris;
				PRODUCT_NAME = "$(TARGET_NAME)";
				SWIFT_VERSION = 5.0;
				TARGETED_DEVICE_FAMILY = "1,2";
			};
			name = Release;
		};
		57FAD237EB508AA6E6C93151 /* Release */ = {
			isa = XCBuildConfiguration;
			buildSettings = {
				BUNDLE_LOADER = "$(BUILT_PRODUCTS_DIR)/Tetris.app/Tetris";
				INFOPLIST_FILE = TetrisTests/Info.plist;
				LD_RUNPATH_SEARCH_PATHS = "$(inherited) @executable_path/Frameworks @loader_path/Frameworks";
				PRODUCT_BUNDLE_IDENTIFIER = com.adeng.TetrisTests;
				PRODUCT_NAME = "$(TARGET_NAME)";
				SWIFT_VERSION = 5.0;
				TARGETED_DEVICE_FAMILY = "1,2";
				TEST_HOST = "$(BUNDLE_LOADER)";
			};
			name = Release;
		};
		57FAD30EB2DAA18923CC38E4 /* Release */ = {
			isa = XCBuildConfiguration;
			buildSettings = {
				ALWAYS_SEARCH_USER_PATHS = NO;
				CLANG_ANALYZER_LOCALIZABILITY_NONLOCALIZED = YES;
				CLANG_ANALYZER_NONNULL = YES;
				CLANG_ANALYZER_NUMBER_OBJECT_CONVERSION = YES_AGGRESSIVE;
				CLANG_CXX_LANGUAGE_STANDARD = "gnu++14";
				CLANG_CXX_LIBRARY = "libc++";
				CLANG_ENABLE_MODULES = YES;
				CLANG_ENABLE_OBJC_ARC = YES;
				CLANG_ENABLE_OBJC_WEAK = YES;
				CLANG_WARN_BLOCK_CAPTURE_AUTORELEASING = YES;
				CLANG_WARN_BOOL_CONVERSION = YES;
				CLANG_WARN_COMMA = YES;
				CLANG_WARN_CONSTANT_CONVERSION = YES;
				CLANG_WARN_DEPRECATED_OBJC_IMPLEMENTATIONS = YES;
				CLANG_WARN_DIRECT_OBJC_ISA_USAGE = YES_ERROR;
				CLANG_WARN_DOCUMENTATION_COMMENTS = YES;
				CLANG_WARN_EMPTY_BODY = YES;
				CLANG_WARN_ENUM_CONVERSION = YES;
				CLANG_WARN_INFINITE_RECURSION = YES;
				CLANG_WARN_INT_CONVERSION = YES;
				CLANG_WARN_NON_LITERAL_NULL_CONVERSION = YES;
				CLANG_WARN_OBJC_IMPLICIT_RETAIN_SELF = YES;
				CLANG_WARN_OBJC_LITERAL_CONVERSION = YES;
				CLANG_WARN_OBJC_ROOT_CLASS = YES_ERROR;
				CLANG_WARN_RANGE_LOOP_ANALYSIS = YES;
				CLANG_WARN_STRICT_PROTOTYPES = YES;
				CLANG_WARN_SUSPICIOUS_MOVE = YES;
				CLANG_WARN_UNGUARDED_AVAILABILITY = YES_AGGRESSIVE;
				CLANG_WARN_UNREACHABLE_CODE = YES;
				CLANG_WARN__DUPLICATE_METHOD_MATCH = YES;
				COPY_PHASE_STRIP = NO;
				DEBUG_INFORMATION_FORMAT = "dwarf-with-dsym";
				ENABLE_NS_ASSERTIONS = NO;
				ENABLE_STRICT_OBJC_MSGSEND = YES;
				GCC_C_LANGUAGE_STANDARD = gnu11;
				GCC_NO_COMMON_BLOCKS = YES;
				GCC_WARN_64_TO_32_BIT_CONVERSION = YES;
				GCC_WARN_ABOUT_RETURN_TYPE = YES_ERROR;
				GCC_WARN_UNDECLARED_SELECTOR = YES;
				GCC_WARN_UNINITIALIZED_AUTOS = YES_AGGRESSIVE;
				GCC_WARN_UNUSED_FUNCTION = YES;
				GCC_WARN_UNUSED_VARIABLE = YES;
				IPHONEOS_DEPLOYMENT_TARGET = 13.6;
				MTL_ENABLE_DEBUG_INFO = NO;
				MTL_FAST_MATH = YES;
				SDKROOT = iphoneos;
				SWIFT_OPTIMIZATION_LEVEL = "-Owholemodule";
				VALIDATE_PRODUCT = YES;
			};
			name = Release;
		};
		57FAD41510B34DFC8DDF7463 /* Debug */ = {
			isa = XCBuildConfiguration;
			buildSettings = {
				ASSETCATALOG_COMPILER_APPICON_NAME = AppIcon;
				DEVELOPMENT_ASSET_PATHS = "\"Tetris/Preview Content\"";
				ENABLE_PREVIEWS = YES;
				INFOPLIST_FILE = Tetris/Info.plist;
				LD_RUNPATH_SEARCH_PATHS = "$(inherited) @executable_path/Frameworks";
				PRODUCT_BUNDLE_IDENTIFIER = com.adeng.Tetris;
				PRODUCT_NAME = "$(TARGET_NAME)";
				SWIFT_VERSION = 5.0;
				TARGETED_DEVICE_FAMILY = "1,2";
			};
			name = Debug;
		};
		57FAD6E0DC33FC22EC8B63E3 /* Debug */ = {
			isa = XCBuildConfiguration;
			buildSettings = {
				BUNDLE_LOADER = "$(BUILT_PRODUCTS_DIR)/Tetris.app/Tetris";
				INFOPLIST_FILE = TetrisTests/Info.plist;
				LD_RUNPATH_SEARCH_PATHS = "$(inherited) @executable_path/Frameworks @loader_path/Frameworks";
				PRODUCT_BUNDLE_IDENTIFIER = com.adeng.TetrisTests;
				PRODUCT_NAME = "$(TARGET_NAME)";
				SWIFT_VERSION = 5.0;
				TARGETED_DEVICE_FAMILY = "1,2";
				TEST_HOST = "$(BUNDLE_LOADER)";
			};
			name = Debug;
		};
		57FADCB640F88443EBD4F8D2 /* Debug */ = {
			isa = XCBuildConfiguration;
			buildSettings = {
				ALWAYS_SEARCH_USER_PATHS = NO;
				CLANG_ANALYZER_LOCALIZABILITY_NONLOCALIZED = YES;
				CLANG_ANALYZER_NONNULL = YES;
				CLANG_ANALYZER_NUMBER_OBJECT_CONVERSION = YES_AGGRESSIVE;
				CLANG_CXX_LANGUAGE_STANDARD = "gnu++14";
				CLANG_CXX_LIBRARY = "libc++";
				CLANG_ENABLE_MODULES = YES;
				CLANG_ENABLE_OBJC_ARC = YES;
				CLANG_ENABLE_OBJC_WEAK = YES;
				CLANG_WARN_BLOCK_CAPTURE_AUTORELEASING = YES;
				CLANG_WARN_BOOL_CONVERSION = YES;
				CLANG_WARN_COMMA = YES;
				CLANG_WARN_CONSTANT_CONVERSION = YES;
				CLANG_WARN_DEPRECATED_OBJC_IMPLEMENTATIONS = YES;
				CLANG_WARN_DIRECT_OBJC_ISA_USAGE = YES_ERROR;
				CLANG_WARN_DOCUMENTATION_COMMENTS = YES;
				CLANG_WARN_EMPTY_BODY = YES;
				CLANG_WARN_ENUM_CONVERSION = YES;
				CLANG_WARN_INFINITE_RECURSION = YES;
				CLANG_WARN_INT_CONVERSION = YES;
				CLANG_WARN_NON_LITERAL_NULL_CONVERSION = YES;
				CLANG_WARN_OBJC_IMPLICIT_RETAIN_SELF = YES;
				CLANG_WARN_OBJC_LITERAL_CONVERSION = YES;
				CLANG_WARN_OBJC_ROOT_CLASS = YES_ERROR;
				CLANG_WARN_RANGE_LOOP_ANALYSIS = YES;
				CLANG_WARN_STRICT_PROTOTYPES = YES;
				CLANG_WARN_SUSPICIOUS_MOVE = YES;
				CLANG_WARN_UNGUARDED_AVAILABILITY = YES_AGGRESSIVE;
				CLANG_WARN_UNREACHABLE_CODE = YES;
				CLANG_WARN__DUPLICATE_METHOD_MATCH = YES;
				COPY_PHASE_STRIP = NO;
				DEBUG_INFORMATION_FORMAT = dwarf;
				ENABLE_STRICT_OBJC_MSGSEND = YES;
				ENABLE_TESTABILITY = YES;
				GCC_C_LANGUAGE_STANDARD = gnu11;
				GCC_DYNAMIC_NO_PIC = NO;
				GCC_NO_COMMON_BLOCKS = YES;
				GCC_OPTIMIZATION_LEVEL = 0;
				GCC_PREPROCESSOR_DEFINITIONS = (
					"DEBUG=1",
					"$(inherited)",
				);
				GCC_WARN_64_TO_32_BIT_CONVERSION = YES;
				GCC_WARN_ABOUT_RETURN_TYPE = YES_ERROR;
				GCC_WARN_UNDECLARED_SELECTOR = YES;
				GCC_WARN_UNINITIALIZED_AUTOS = YES_AGGRESSIVE;
				GCC_WARN_UNUSED_FUNCTION = YES;
				GCC_WARN_UNUSED_VARIABLE = YES;
				IPHONEOS_DEPLOYMENT_TARGET = 13.6;
				MTL_ENABLE_DEBUG_INFO = INCLUDE_SOURCE;
				MTL_FAST_MATH = YES;
				ONLY_ACTIVE_ARCH = YES;
				SDKROOT = iphoneos;
				SWIFT_ACTIVE_COMPILATION_CONDITIONS = DEBUG;
				SWIFT_OPTIMIZATION_LEVEL = "-Onone";
			};
			name = Debug;
		};
		57FADF1ABDF91DC04AFCCAE8 /* Debug */ = {
			isa = XCBuildConfiguration;
			buildSettings = {
				INFOPLIST_FILE = TetrisUITests/Info.plist;
				LD_RUNPATH_SEARCH_PATHS = "$(inherited) @executable_path/Frameworks @loader_path/Frameworks";
				PRODUCT_BUNDLE_IDENTIFIER = com.adeng.TetrisUITests;
				PRODUCT_NAME = "$(TARGET_NAME)";
				SWIFT_VERSION = 5.0;
				TARGETED_DEVICE_FAMILY = "1,2";
				TEST_TARGET_NAME = Tetris;
			};
			name = Debug;
		};
/* End XCBuildConfiguration section */

/* Begin XCConfigurationList section */
		57FAD12A993F5F5FA138D712 /* Build configuration list for PBXNativeTarget "TetrisTests" */ = {
			isa = XCConfigurationList;
			buildConfigurations = (
				57FAD6E0DC33FC22EC8B63E3 /* Debug */,
				57FAD237EB508AA6E6C93151 /* Release */,
			);
			defaultConfigurationIsVisible = 0;
			defaultConfigurationName = Release;
		};
		57FAD78803A32B0592C37678 /* Build configuration list for PBXNativeTarget "TetrisUITests" */ = {
			isa = XCConfigurationList;
			buildConfigurations = (
				57FADF1ABDF91DC04AFCCAE8 /* Debug */,
				57FAD0ADC6E5D91DA63626CE /* Release */,
			);
			defaultConfigurationIsVisible = 0;
			defaultConfigurationName = Release;
		};
		57FADCE34AF9A2776165C43F /* Build configuration list for PBXProject "Tetris" */ = {
			isa = XCConfigurationList;
			buildConfigurations = (
				57FADCB640F88443EBD4F8D2 /* Debug */,
				57FAD30EB2DAA18923CC38E4 /* Release */,
			);
			defaultConfigurationIsVisible = 0;
			defaultConfigurationName = Release;
		};
		57FADCED42082E9E5E444C64 /* Build configuration list for PBXNativeTarget "Tetris" */ = {
			isa = XCConfigurationList;
			buildConfigurations = (
				57FAD41510B34DFC8DDF7463 /* Debug */,
				57FAD1FC221D8B9299364125 /* Release */,
			);
			defaultConfigurationIsVisible = 0;
			defaultConfigurationName = Release;
		};
/* End XCConfigurationList section */

/* Begin XCVersionGroup section */
		57FAD21060490020E40FA819 /* Tetris.xcdatamodeld */ = {
			isa = XCVersionGroup;
			children = (
				57FAD20A968883340DD52408 /* Tetris.xcdatamodel */,
			);
			currentVersion = 57FAD20A968883340DD52408 /* Tetris.xcdatamodel */;
			path = Tetris.xcdatamodeld;
			sourceTree = "<group>";
			versionGroupType = wrapper.xcdatamodel;
		};
/* End XCVersionGroup section */
	};
	rootObject = 57FAD9582B3BC2F2EB5211BE /* Project object */;
}
